
Microsoft Visual Studio Solution File, Format Version 12.00
# Visual Studio Version 16
VisualStudioVersion = 16.0.29728.190
MinimumVisualStudioVersion = 10.0.40219.1
Project("{FAE04EC0-301F-11D3-BF4B-00C04F79EFBC}") = "Conditional_CoinToss", "Conditional_CoinToss\Conditional_CoinToss.csproj", "{CDA56D2E-69AA-467E-A3CF-6017CB3E050C}"
EndProject
Global
	GlobalSection(SolutionConfigurationPlatforms) = preSolution
		Debug|Any CPU = Debug|Any CPU
		Release|Any CPU = Release|Any CPU
	EndGlobalSection
	GlobalSection(ProjectConfigurationPlatforms) = postSolution
		{CDA56D2E-69AA-467E-A3CF-6017CB3E050C}.Debug|Any CPU.ActiveCfg = Debug|Any CPU
		{CDA56D2E-69AA-467E-A3CF-6017CB3E050C}.Debug|Any CPU.Build.0 = Debug|Any CPU
		{CDA56D2E-69AA-467E-A3CF-6017CB3E050C}.Release|Any CPU.ActiveCfg = Release|Any CPU
		{CDA56D2E-69AA-467E-A3CF-6017CB3E050C}.Release|Any CPU.Build.0 = Release|Any CPU
	EndGlobalSection
	GlobalSection(SolutionProperties) = preSolution
		HideSolutionNode = FALSE
	EndGlobalSection
	GlobalSection(ExtensibilityGlobals) = postSolution
		SolutionGuid = {6FE77A0C-AC49-4073-A121-94851041AF67}
	EndGlobalSection
EndGlobal
