
Microsoft Visual Studio Solution File, Format Version 12.00
# Visual Studio 15
VisualStudioVersion = 15.0.28010.2050
MinimumVisualStudioVersion = 10.0.40219.1
Project("{FAE04EC0-301F-11D3-BF4B-00C04F79EFBC}") = "Functions", "ConsoleApp1\Functions.csproj", "{68FFB241-973C-420D-BA22-2E62F665E1D0}"
EndProject
Global
	GlobalSection(SolutionConfigurationPlatforms) = preSolution
		Debug|Any CPU = Debug|Any CPU
		Release|Any CPU = Release|Any CPU
	EndGlobalSection
	GlobalSection(ProjectConfigurationPlatforms) = postSolution
		{68FFB241-973C-420D-BA22-2E62F665E1D0}.Debug|Any CPU.ActiveCfg = Debug|Any CPU
		{68FFB241-973C-420D-BA22-2E62F665E1D0}.Debug|Any CPU.Build.0 = Debug|Any CPU
		{68FFB241-973C-420D-BA22-2E62F665E1D0}.Release|Any CPU.ActiveCfg = Release|Any CPU
		{68FFB241-973C-420D-BA22-2E62F665E1D0}.Release|Any CPU.Build.0 = Release|Any CPU
	EndGlobalSection
	GlobalSection(SolutionProperties) = preSolution
		HideSolutionNode = FALSE
	EndGlobalSection
	GlobalSection(ExtensibilityGlobals) = postSolution
		SolutionGuid = {D8BF3ABF-0934-41FC-B28C-B2B929788643}
	EndGlobalSection
EndGlobal
